
Microsoft Visual Studio Solution File, Format Version 12.00
# Visual Studio Version 17
VisualStudioVersion = 17.14.36202.13 d17.14
MinimumVisualStudioVersion = 10.0.40219.1
Project("{FAE04EC0-301F-11D3-BF4B-00C04F79EFBC}") = "PlainNamedBinaryTag", "PlainNamedBinaryTag\PlainNamedBinaryTag.csproj", "{4ADD8AF9-7AB8-44E8-AE44-8688D5EAABF5}"
EndProject
Project("{FAE04EC0-301F-11D3-BF4B-00C04F79EFBC}") = "PlainNamedBinaryTag.Test", "PlainNamedBinaryTag.Test\PlainNamedBinaryTag.Test.csproj", "{0FEA1E9C-7E5E-45BC-8E1D-3B93D7EF8F08}"
EndProject
Global
	GlobalSection(SolutionConfigurationPlatforms) = preSolution
		Debug|Any CPU = Debug|Any CPU
		Release|Any CPU = Release|Any CPU
	EndGlobalSection
	GlobalSection(ProjectConfigurationPlatforms) = postSolution
		{4ADD8AF9-7AB8-44E8-AE44-8688D5EAABF5}.Debug|Any CPU.ActiveCfg = Debug|Any CPU
		{4ADD8AF9-7AB8-44E8-AE44-8688D5EAABF5}.Debug|Any CPU.Build.0 = Debug|Any CPU
		{4ADD8AF9-7AB8-44E8-AE44-8688D5EAABF5}.Release|Any CPU.ActiveCfg = Release|Any CPU
		{4ADD8AF9-7AB8-44E8-AE44-8688D5EAABF5}.Release|Any CPU.Build.0 = Release|Any CPU
		{0FEA1E9C-7E5E-45BC-8E1D-3B93D7EF8F08}.Debug|Any CPU.ActiveCfg = Debug|Any CPU
		{0FEA1E9C-7E5E-45BC-8E1D-3B93D7EF8F08}.Debug|Any CPU.Build.0 = Debug|Any CPU
		{0FEA1E9C-7E5E-45BC-8E1D-3B93D7EF8F08}.Release|Any CPU.ActiveCfg = Release|Any CPU
		{0FEA1E9C-7E5E-45BC-8E1D-3B93D7EF8F08}.Release|Any CPU.Build.0 = Release|Any CPU
	EndGlobalSection
	GlobalSection(SolutionProperties) = preSolution
		HideSolutionNode = FALSE
	EndGlobalSection
	GlobalSection(ExtensibilityGlobals) = postSolution
		SolutionGuid = {E9E43EE3-F6A3-4E61-BAA0-570ECE63D147}
	EndGlobalSection
EndGlobal
